{"is_source_file": false, "format": "", "description": "", "external_files": [], "external_methods": [], "published": [], "classes": [], "methods": [], "calls": [], "search-terms": [], "state": 2, "file_id": 16, "knowledge_revision": 31, "git_revision": "f2634b5ef20a4211bbeee77711163e8970ff82f5", "hash": "9c4ed7ef73e22b872b8055bec08b8979", "format-version": 4, "code-base-name": "default", "filename": "auto_part_hub/post_process_status.lock", "revision_history": [{"31": "f2634b5ef20a4211bbeee77711163e8970ff82f5"}]}